github.com/davecgh/go-spew v1.1.1 h1:vj9j/u1bqnvCEfJOwUhtlOARqs3+rkHYY13jYWTU97c=
github.com/google/go-cmp v0.6.0 h1:ofyhxvXcZhMsU5ulbFiLKl/XBFqE1GSq7atu8tAmTRI=
github.com/hashicorp/terraform-plugin-framework v1.8.0 h1:P07qy8RKLcoBkCrY2RHJer5AEvJnDuXomBgou6fD8kI=
github.com/hashicorp/terraform-plugin-framework v1.8.0/go.mod h1:/CpTukO88PcL/62noU7cuyaSJ4Rsim+A/pa+3rUVufY=
github.com/hashicorp/terraform-plugin-go v0.22.2 h1:5o8uveu6eZUf5J7xGPV0eY0TPXg3qpmwX9sce03Bxnc=
github.com/hashicorp/terraform-plugin-go v0.22.2/go.mod h1:drq8Snexp9HsbFZddvyLHN6LuWHHndSQg+gV+FPkcIM=
github.com/pmezard/go-difflib v1.0.0 h1:4DBwDE0NGyQoBHbLQYPwSUPoCMWR5BEzIk/f1lZbAQM=
github.com/stretchr/testify v1.8.4 h1:CcVxjf3Q8PM0mHUKJCdn+eZZtm5yQwehR5yeSVQQcUk=
github.com/vmihailenco/msgpack/v5 v5.4.1 h1:cQriyiUvjTwOHg8QZaPihLWeRAAVoCpE00IUPn0Bjt8=
github.com/vmihailenco/msgpack/v5 v5.4.1/go.mod h1:GaZTsDaehaPpQVyxrf5mtQlH+pc21PIudVV/E3rRQok=
github.com/vmihailenco/tagparser/v2 v2.0.0 h1:y09buUbR+b5aycVFQs/g70pqKVZNBmxwAhO7/IwNM9g=
github.com/vmihailenco/tagparser/v2 v2.0.0/go.mod h1:Wri+At7QHww0WTrCBeu4J6bNtoV6mEfg5OIWRZA9qds=
gopkg.in/yaml.v3 v3.0.1 h1:fxVm/GzAzEWqLHuvctI91KS9hhNmmWOoWu0XTYJS7CA=
